
Microsoft Visual Studio Solution File, Format Version 12.00
# Visual Studio 15
VisualStudioVersion = 15.0.28107.0
MinimumVisualStudioVersion = 10.0.40219.1
Project("{FAE04EC0-301F-11D3-BF4B-00C04F79EFBC}") = "CosmosBenchmark.Console", "CosmosBenchmark.Console\CosmosBenchmark.Console.csproj", "{72C50D91-6EFC-4AB1-A5CF-B47C4F9F33EB}"
EndProject
Global
	GlobalSection(SolutionConfigurationPlatforms) = preSolution
		Debug|Any CPU = Debug|Any CPU
		Release|Any CPU = Release|Any CPU
	EndGlobalSection
	GlobalSection(ProjectConfigurationPlatforms) = postSolution
		{72C50D91-6EFC-4AB1-A5CF-B47C4F9F33EB}.Debug|Any CPU.ActiveCfg = Debug|Any CPU
		{72C50D91-6EFC-4AB1-A5CF-B47C4F9F33EB}.Debug|Any CPU.Build.0 = Debug|Any CPU
		{72C50D91-6EFC-4AB1-A5CF-B47C4F9F33EB}.Release|Any CPU.ActiveCfg = Release|Any CPU
		{72C50D91-6EFC-4AB1-A5CF-B47C4F9F33EB}.Release|Any CPU.Build.0 = Release|Any CPU
	EndGlobalSection
	GlobalSection(SolutionProperties) = preSolution
		HideSolutionNode = FALSE
	EndGlobalSection
	GlobalSection(ExtensibilityGlobals) = postSolution
		SolutionGuid = {8F64A30F-7436-4C61-891D-E6E1AB339AD8}
	EndGlobalSection
EndGlobal
